// !$*UTF8*$!
{
	archiveVersion = 1;
	classes = {
	};
	objectVersion = 48;
	objects = {

/* Begin PBXBuildFile section */
		94FF5B32207E8788003D1658 /* libglut.3.10.0.dylib in Frameworks */ = {isa = PBXBuildFile; fileRef = 94FF5A1D207E858A003D1658 /* libglut.3.10.0.dylib */; };
		94FF5B33207E8788003D1658 /* libglut.3.dylib in Frameworks */ = {isa = PBXBuildFile; fileRef = 94FF5A1E207E858A003D1658 /* libglut.3.dylib */; };
		94FF5B34207E8788003D1658 /* libglut.a in Frameworks */ = {isa = PBXBuildFile; fileRef = 94FF5A1F207E858A003D1658 /* libglut.a */; };
		94FF5B35207E8788003D1658 /* libglut.dylib in Frameworks */ = {isa = PBXBuildFile; fileRef = 94FF5A22207E858A003D1658 /* libglut.dylib */; };
		94FF5B38207E881A003D1658 /* Mesh.cpp in Sources */ = {isa = PBXBuildFile; fileRef = 94A80095207E620600949A70 /* Mesh.cpp */; };
		94FF5B39207E881A003D1658 /* Scene.cpp in Sources */ = {isa = PBXBuildFile; fileRef = 94A80096207E620600949A70 /* Scene.cpp */; };
		94FF5B3A207E881A003D1658 /* Camera.cpp in Sources */ = {isa = PBXBuildFile; fileRef = 94A80097207E620600949A70 /* Camera.cpp */; };
		94FF5B3B207E881A003D1658 /* Texture.cpp in Sources */ = {isa = PBXBuildFile; fileRef = 94A80099207E620600949A70 /* Texture.cpp */; };
		94FF5B3C207E881A003D1658 /* PixMap32RGBA.cpp in Sources */ = {isa = PBXBuildFile; fileRef = 94A8009A207E620600949A70 /* PixMap32RGBA.cpp */; };
		94FF5B3D207E881A003D1658 /* Entities.cpp in Sources */ = {isa = PBXBuildFile; fileRef = 94A8009D207E620600949A70 /* Entities.cpp */; };
		94FF5B3E207E8869003D1658 /* main.cpp in Sources */ = {isa = PBXBuildFile; fileRef = 94A801AC207E620600949A70 /* main.cpp */; };
		94FF5B5E207E897F003D1658 /* Bmps in CopyFiles */ = {isa = PBXBuildFile; fileRef = 94FF5B5D207E897F003D1658 /* Bmps */; };
		DB75EE912033695300E6139B /* OpenGL.framework in Frameworks */ = {isa = PBXBuildFile; fileRef = DB75EE902033695300E6139B /* OpenGL.framework */; };
/* End PBXBuildFile section */

/* Begin PBXCopyFilesBuildPhase section */
		DB75ED472033655000E6139B /* CopyFiles */ = {
			isa = PBXCopyFilesBuildPhase;
			buildActionMask = 2147483647;
			dstPath = /usr/share/man/man1/;
			dstSubfolderSpec = 0;
			files = (
			);
			runOnlyForDeploymentPostprocessing = 1;
		};
		DBF3BC0D2052F66A00557104 /* CopyFiles */ = {
			isa = PBXCopyFilesBuildPhase;
			buildActionMask = 2147483647;
			dstPath = "";
			dstSubfolderSpec = 7;
			files = (
				94FF5B5E207E897F003D1658 /* Bmps in CopyFiles */,
			);
			runOnlyForDeploymentPostprocessing = 0;
		};
/* End PBXCopyFilesBuildPhase section */

/* Begin PBXFileReference section */
		94A80095207E620600949A70 /* Mesh.cpp */ = {isa = PBXFileReference; fileEncoding = 4; lastKnownFileType = sourcecode.cpp.cpp; path = Mesh.cpp; sourceTree = "<group>"; };
		94A80096207E620600949A70 /* Scene.cpp */ = {isa = PBXFileReference; fileEncoding = 4; lastKnownFileType = sourcecode.cpp.cpp; path = Scene.cpp; sourceTree = "<group>"; };
		94A80097207E620600949A70 /* Camera.cpp */ = {isa = PBXFileReference; fileEncoding = 4; lastKnownFileType = sourcecode.cpp.cpp; path = Camera.cpp; sourceTree = "<group>"; };
		94A80098207E620600949A70 /* Camera.h */ = {isa = PBXFileReference; fileEncoding = 4; lastKnownFileType = sourcecode.c.h; path = Camera.h; sourceTree = "<group>"; };
		94A80099207E620600949A70 /* Texture.cpp */ = {isa = PBXFileReference; fileEncoding = 4; lastKnownFileType = sourcecode.cpp.cpp; path = Texture.cpp; sourceTree = "<group>"; };
		94A8009A207E620600949A70 /* PixMap32RGBA.cpp */ = {isa = PBXFileReference; fileEncoding = 4; lastKnownFileType = sourcecode.cpp.cpp; path = PixMap32RGBA.cpp; sourceTree = "<group>"; };
		94A8009B207E620600949A70 /* Mesh.h */ = {isa = PBXFileReference; fileEncoding = 4; lastKnownFileType = sourcecode.c.h; path = Mesh.h; sourceTree = "<group>"; };
		94A8009C207E620600949A70 /* Entities.h */ = {isa = PBXFileReference; fileEncoding = 4; lastKnownFileType = sourcecode.c.h; path = Entities.h; sourceTree = "<group>"; };
		94A8009D207E620600949A70 /* Entities.cpp */ = {isa = PBXFileReference; fileEncoding = 4; lastKnownFileType = sourcecode.cpp.cpp; path = Entities.cpp; sourceTree = "<group>"; };
		94A8009E207E620600949A70 /* Texture.h */ = {isa = PBXFileReference; fileEncoding = 4; lastKnownFileType = sourcecode.c.h; path = Texture.h; sourceTree = "<group>"; };
		94A801AC207E620600949A70 /* main.cpp */ = {isa = PBXFileReference; fileEncoding = 4; lastKnownFileType = sourcecode.cpp.cpp; path = main.cpp; sourceTree = "<group>"; };
		94A801AD207E620600949A70 /* PixMap32RGBA.h */ = {isa = PBXFileReference; fileEncoding = 4; lastKnownFileType = sourcecode.c.h; path = PixMap32RGBA.h; sourceTree = "<group>"; };
		94A801BD207E620600949A70 /* Scene.h */ = {isa = PBXFileReference; fileEncoding = 4; lastKnownFileType = sourcecode.c.h; path = Scene.h; sourceTree = "<group>"; };
		94FF5A1D207E858A003D1658 /* libglut.3.10.0.dylib */ = {isa = PBXFileReference; lastKnownFileType = "compiled.mach-o.dylib"; name = libglut.3.10.0.dylib; path = ../../../../../usr/local/Cellar/freeglut/3.0.0/lib/libglut.3.10.0.dylib; sourceTree = "<group>"; };
		94FF5A1E207E858A003D1658 /* libglut.3.dylib */ = {isa = PBXFileReference; lastKnownFileType = "compiled.mach-o.dylib"; name = libglut.3.dylib; path = ../../../../../usr/local/Cellar/freeglut/3.0.0/lib/libglut.3.dylib; sourceTree = "<group>"; };
		94FF5A1F207E858A003D1658 /* libglut.a */ = {isa = PBXFileReference; lastKnownFileType = archive.ar; name = libglut.a; path = ../../../../../usr/local/Cellar/freeglut/3.0.0/lib/libglut.a; sourceTree = "<group>"; };
		94FF5A21207E858A003D1658 /* freeglut.pc */ = {isa = PBXFileReference; lastKnownFileType = text; path = freeglut.pc; sourceTree = "<group>"; };
		94FF5A22207E858A003D1658 /* libglut.dylib */ = {isa = PBXFileReference; lastKnownFileType = "compiled.mach-o.dylib"; name = libglut.dylib; path = ../../../../../usr/local/Cellar/freeglut/3.0.0/lib/libglut.dylib; sourceTree = "<group>"; };
		94FF5B37207E8788003D1658 /* freeglut.pc */ = {isa = PBXFileReference; lastKnownFileType = text; path = freeglut.pc; sourceTree = "<group>"; };
		94FF5B5D207E897F003D1658 /* Bmps */ = {isa = PBXFileReference; lastKnownFileType = folder; path = Bmps; sourceTree = "<group>"; };
		DB75ED492033655000E6139B /* MyApp */ = {isa = PBXFileReference; explicitFileType = "compiled.mach-o.executable"; includeInIndex = 0; path = MyApp; sourceTree = BUILT_PRODUCTS_DIR; };
		DB75EE902033695300E6139B /* OpenGL.framework */ = {isa = PBXFileReference; lastKnownFileType = wrapper.framework; name = OpenGL.framework; path = System/Library/Frameworks/OpenGL.framework; sourceTree = SDKROOT; };
		DB75EE922033695A00E6139B /* GLUT.framework */ = {isa = PBXFileReference; lastKnownFileType = wrapper.framework; name = GLUT.framework; path = System/Library/Frameworks/GLUT.framework; sourceTree = SDKROOT; };
		DB75EE942033696400E6139B /* GLKit.framework */ = {isa = PBXFileReference; lastKnownFileType = wrapper.framework; name = GLKit.framework; path = System/Library/Frameworks/GLKit.framework; sourceTree = SDKROOT; };
/* End PBXFileReference section */

/* Begin PBXFrameworksBuildPhase section */
		DB75ED462033655000E6139B /* Frameworks */ = {
			isa = PBXFrameworksBuildPhase;
			buildActionMask = 2147483647;
			files = (
				DB75EE912033695300E6139B /* OpenGL.framework in Frameworks */,
				94FF5B32207E8788003D1658 /* libglut.3.10.0.dylib in Frameworks */,
				94FF5B33207E8788003D1658 /* libglut.3.dylib in Frameworks */,
				94FF5B34207E8788003D1658 /* libglut.a in Frameworks */,
				94FF5B35207E8788003D1658 /* libglut.dylib in Frameworks */,
			);
			runOnlyForDeploymentPostprocessing = 0;
		};
/* End PBXFrameworksBuildPhase section */

/* Begin PBXGroup section */
		94A80094207E620600949A70 /* MyApp */ = {
			isa = PBXGroup;
			children = (
				94A80095207E620600949A70 /* Mesh.cpp */,
				94A80096207E620600949A70 /* Scene.cpp */,
				94A80097207E620600949A70 /* Camera.cpp */,
				94A80098207E620600949A70 /* Camera.h */,
				94A80099207E620600949A70 /* Texture.cpp */,
				94A8009A207E620600949A70 /* PixMap32RGBA.cpp */,
				94A8009B207E620600949A70 /* Mesh.h */,
				94A8009C207E620600949A70 /* Entities.h */,
				94A8009D207E620600949A70 /* Entities.cpp */,
				94A8009E207E620600949A70 /* Texture.h */,
				94A801AC207E620600949A70 /* main.cpp */,
				94A801AD207E620600949A70 /* PixMap32RGBA.h */,
				94A801BD207E620600949A70 /* Scene.h */,
			);
			path = MyApp;
			sourceTree = "<group>";
		};
		94FF5A20207E858A003D1658 /* pkgconfig */ = {
			isa = PBXGroup;
			children = (
				94FF5A21207E858A003D1658 /* freeglut.pc */,
			);
			name = pkgconfig;
			path = ../../../../../usr/local/Cellar/freeglut/3.0.0/lib/pkgconfig;
			sourceTree = "<group>";
		};
		94FF5B36207E8788003D1658 /* pkgconfig */ = {
			isa = PBXGroup;
			children = (
				94FF5B37207E8788003D1658 /* freeglut.pc */,
			);
			name = pkgconfig;
			path = ../../../../../usr/local/Cellar/freeglut/3.0.0/lib/pkgconfig;
			sourceTree = "<group>";
		};
		DB75ED402033655000E6139B = {
			isa = PBXGroup;
			children = (
				94FF5B5D207E897F003D1658 /* Bmps */,
				94A80094207E620600949A70 /* MyApp */,
				DB75ED4A2033655000E6139B /* Products */,
				DB75EE8F2033695300E6139B /* Frameworks */,
			);
			sourceTree = "<group>";
		};
		DB75ED4A2033655000E6139B /* Products */ = {
			isa = PBXGroup;
			children = (
				DB75ED492033655000E6139B /* MyApp */,
			);
			name = Products;
			sourceTree = "<group>";
		};
		DB75EE8F2033695300E6139B /* Frameworks */ = {
			isa = PBXGroup;
			children = (
				94FF5B36207E8788003D1658 /* pkgconfig */,
				94FF5A22207E858A003D1658 /* libglut.dylib */,
				94FF5A1D207E858A003D1658 /* libglut.3.10.0.dylib */,
				94FF5A1E207E858A003D1658 /* libglut.3.dylib */,
				94FF5A1F207E858A003D1658 /* libglut.a */,
				94FF5A20207E858A003D1658 /* pkgconfig */,
				DB75EE942033696400E6139B /* GLKit.framework */,
				DB75EE922033695A00E6139B /* GLUT.framework */,
				DB75EE902033695300E6139B /* OpenGL.framework */,
			);
			name = Frameworks;
			sourceTree = "<group>";
		};
/* End PBXGroup section */

/* Begin PBXNativeTarget section */
		DB75ED482033655000E6139B /* MyApp */ = {
			isa = PBXNativeTarget;
			buildConfigurationList = DB75ED502033655000E6139B /* Build configuration list for PBXNativeTarget "MyApp" */;
			buildPhases = (
				DB75ED452033655000E6139B /* Sources */,
				DB75ED462033655000E6139B /* Frameworks */,
				DB75ED472033655000E6139B /* CopyFiles */,
				DBF3BC0D2052F66A00557104 /* CopyFiles */,
			);
			buildRules = (
			);
			dependencies = (
			);
			name = MyApp;
			productName = MyApp;
			productReference = DB75ED492033655000E6139B /* MyApp */;
			productType = "com.apple.product-type.tool";
		};
/* End PBXNativeTarget section */

/* Begin PBXProject section */
		DB75ED412033655000E6139B /* Project object */ = {
			isa = PBXProject;
			attributes = {
				LastUpgradeCheck = 0920;
				ORGANIZATIONNAME = "Pablo Blanco Peris";
				TargetAttributes = {
					DB75ED482033655000E6139B = {
						CreatedOnToolsVersion = 9.2;
						ProvisioningStyle = Automatic;
					};
				};
			};
			buildConfigurationList = DB75ED442033655000E6139B /* Build configuration list for PBXProject "MyApp" */;
			compatibilityVersion = "Xcode 8.0";
			developmentRegion = en;
			hasScannedForEncodings = 0;
			knownRegions = (
				en,
			);
			mainGroup = DB75ED402033655000E6139B;
			productRefGroup = DB75ED4A2033655000E6139B /* Products */;
			projectDirPath = "";
			projectRoot = "";
			targets = (
				DB75ED482033655000E6139B /* MyApp */,
			);
		};
/* End PBXProject section */

/* Begin PBXSourcesBuildPhase section */
		DB75ED452033655000E6139B /* Sources */ = {
			isa = PBXSourcesBuildPhase;
			buildActionMask = 2147483647;
			files = (
				94FF5B3E207E8869003D1658 /* main.cpp in Sources */,
				94FF5B38207E881A003D1658 /* Mesh.cpp in Sources */,
				94FF5B39207E881A003D1658 /* Scene.cpp in Sources */,
				94FF5B3A207E881A003D1658 /* Camera.cpp in Sources */,
				94FF5B3B207E881A003D1658 /* Texture.cpp in Sources */,
				94FF5B3C207E881A003D1658 /* PixMap32RGBA.cpp in Sources */,
				94FF5B3D207E881A003D1658 /* Entities.cpp in Sources */,
			);
			runOnlyForDeploymentPostprocessing = 0;
		};
/* End PBXSourcesBuildPhase section */

/* Begin XCBuildConfiguration section */
		DB75ED4E2033655000E6139B /* Debug */ = {
			isa = XCBuildConfiguration;
			buildSettings = {
				ALWAYS_SEARCH_USER_PATHS = NO;
				CLANG_ANALYZER_NONNULL = YES;
				CLANG_ANALYZER_NUMBER_OBJECT_CONVERSION = YES_AGGRESSIVE;
				CLANG_CXX_LANGUAGE_STANDARD = "c++0x";
				CLANG_CXX_LIBRARY = "libc++";
				CLANG_ENABLE_MODULES = YES;
				CLANG_ENABLE_OBJC_ARC = YES;
				CLANG_WARN_BLOCK_CAPTURE_AUTORELEASING = YES;
				CLANG_WARN_BOOL_CONVERSION = YES;
				CLANG_WARN_COMMA = YES;
				CLANG_WARN_CONSTANT_CONVERSION = YES;
				CLANG_WARN_DIRECT_OBJC_ISA_USAGE = YES_ERROR;
				CLANG_WARN_DOCUMENTATION_COMMENTS = YES;
				CLANG_WARN_EMPTY_BODY = YES;
				CLANG_WARN_ENUM_CONVERSION = YES;
				CLANG_WARN_INFINITE_RECURSION = YES;
				CLANG_WARN_INT_CONVERSION = YES;
				CLANG_WARN_NON_LITERAL_NULL_CONVERSION = YES;
				CLANG_WARN_OBJC_LITERAL_CONVERSION = YES;
				CLANG_WARN_OBJC_ROOT_CLASS = YES_ERROR;
				CLANG_WARN_RANGE_LOOP_ANALYSIS = YES;
				CLANG_WARN_STRICT_PROTOTYPES = YES;
				CLANG_WARN_SUSPICIOUS_MOVE = YES;
				CLANG_WARN_UNGUARDED_AVAILABILITY = YES_AGGRESSIVE;
				CLANG_WARN_UNREACHABLE_CODE = YES;
				CLANG_WARN__DUPLICATE_METHOD_MATCH = YES;
				CODE_SIGN_IDENTITY = "Mac Developer";
				COPY_PHASE_STRIP = NO;
				DEBUG_INFORMATION_FORMAT = dwarf;
				ENABLE_STRICT_OBJC_MSGSEND = YES;
				ENABLE_TESTABILITY = YES;
				GCC_C_LANGUAGE_STANDARD = gnu11;
				GCC_DYNAMIC_NO_PIC = NO;
				GCC_NO_COMMON_BLOCKS = YES;
				GCC_OPTIMIZATION_LEVEL = 0;
				GCC_PREPROCESSOR_DEFINITIONS = (
					"DEBUG=1",
					"$(inherited)",
				);
				GCC_WARN_64_TO_32_BIT_CONVERSION = YES;
				GCC_WARN_ABOUT_RETURN_TYPE = YES_ERROR;
				GCC_WARN_UNDECLARED_SELECTOR = YES;
				GCC_WARN_UNINITIALIZED_AUTOS = YES_AGGRESSIVE;
				GCC_WARN_UNUSED_FUNCTION = YES;
				GCC_WARN_UNUSED_VARIABLE = YES;
				MACOSX_DEPLOYMENT_TARGET = 10.13;
				MTL_ENABLE_DEBUG_INFO = YES;
				ONLY_ACTIVE_ARCH = YES;
				SDKROOT = macosx;
			};
			name = Debug;
		};
		DB75ED4F2033655000E6139B /* Release */ = {
			isa = XCBuildConfiguration;
			buildSettings = {
				ALWAYS_SEARCH_USER_PATHS = NO;
				CLANG_ANALYZER_NONNULL = YES;
				CLANG_ANALYZER_NUMBER_OBJECT_CONVERSION = YES_AGGRESSIVE;
				CLANG_CXX_LANGUAGE_STANDARD = "c++0x";
				CLANG_CXX_LIBRARY = "libc++";
				CLANG_ENABLE_MODULES = YES;
				CLANG_ENABLE_OBJC_ARC = YES;
				CLANG_WARN_BLOCK_CAPTURE_AUTORELEASING = YES;
				CLANG_WARN_BOOL_CONVERSION = YES;
				CLANG_WARN_COMMA = YES;
				CLANG_WARN_CONSTANT_CONVERSION = YES;
				CLANG_WARN_DIRECT_OBJC_ISA_USAGE = YES_ERROR;
				CLANG_WARN_DOCUMENTATION_COMMENTS = YES;
				CLANG_WARN_EMPTY_BODY = YES;
				CLANG_WARN_ENUM_CONVERSION = YES;
				CLANG_WARN_INFINITE_RECURSION = YES;
				CLANG_WARN_INT_CONVERSION = YES;
				CLANG_WARN_NON_LITERAL_NULL_CONVERSION = YES;
				CLANG_WARN_OBJC_LITERAL_CONVERSION = YES;
				CLANG_WARN_OBJC_ROOT_CLASS = YES_ERROR;
				CLANG_WARN_RANGE_LOOP_ANALYSIS = YES;
				CLANG_WARN_STRICT_PROTOTYPES = YES;
				CLANG_WARN_SUSPICIOUS_MOVE = YES;
				CLANG_WARN_UNGUARDED_AVAILABILITY = YES_AGGRESSIVE;
				CLANG_WARN_UNREACHABLE_CODE = YES;
				CLANG_WARN__DUPLICATE_METHOD_MATCH = YES;
				CODE_SIGN_IDENTITY = "Mac Developer";
				COPY_PHASE_STRIP = NO;
				DEBUG_INFORMATION_FORMAT = "dwarf-with-dsym";
				ENABLE_NS_ASSERTIONS = NO;
				ENABLE_STRICT_OBJC_MSGSEND = YES;
				GCC_C_LANGUAGE_STANDARD = gnu11;
				GCC_NO_COMMON_BLOCKS = YES;
				GCC_WARN_64_TO_32_BIT_CONVERSION = YES;
				GCC_WARN_ABOUT_RETURN_TYPE = YES_ERROR;
				GCC_WARN_UNDECLARED_SELECTOR = YES;
				GCC_WARN_UNINITIALIZED_AUTOS = YES_AGGRESSIVE;
				GCC_WARN_UNUSED_FUNCTION = YES;
				GCC_WARN_UNUSED_VARIABLE = YES;
				MACOSX_DEPLOYMENT_TARGET = 10.13;
				MTL_ENABLE_DEBUG_INFO = NO;
				ONLY_ACTIVE_ARCH = YES;
				SDKROOT = macosx;
			};
			name = Release;
		};
		DB75ED512033655000E6139B /* Debug */ = {
			isa = XCBuildConfiguration;
			buildSettings = {
				CODE_SIGN_STYLE = Automatic;
				DEVELOPMENT_TEAM = Q3RYN8A3D8;
				HEADER_SEARCH_PATHS = (
					/usr/local/Cellar/freeglut/3.0.0/include/,
					./glm,
					../glm,
					../,
				);
				LIBRARY_SEARCH_PATHS = (
					/usr/local/Cellar/freeglut/3.0.0/lib/,
					/usr/local/Cellar/freeglut/3.0.0/lib,
					./glm,
					./,
				);
				MACOSX_DEPLOYMENT_TARGET = 10.8;
				PRODUCT_NAME = "$(TARGET_NAME)";
			};
			name = Debug;
		};
		DB75ED522033655000E6139B /* Release */ = {
			isa = XCBuildConfiguration;
			buildSettings = {
				CODE_SIGN_STYLE = Automatic;
				DEVELOPMENT_TEAM = Q3RYN8A3D8;
				HEADER_SEARCH_PATHS = (
					/usr/local/Cellar/freeglut/3.0.0/include/,
					./glm,
					../glm,
					../,
				);
				LIBRARY_SEARCH_PATHS = (
					/usr/local/Cellar/freeglut/3.0.0/lib/,
					/usr/local/Cellar/freeglut/3.0.0/lib,
					./glm,
					./,
				);
				MACOSX_DEPLOYMENT_TARGET = 10.8;
				"MTL_ENABLE_DEBUG_INFO[arch=*]" = NO;
				PRODUCT_NAME = "$(TARGET_NAME)";
			};
			name = Release;
		};
/* End XCBuildConfiguration section */

/* Begin XCConfigurationList section */
		DB75ED442033655000E6139B /* Build configuration list for PBXProject "MyApp" */ = {
			isa = XCConfigurationList;
			buildConfigurations = (
				DB75ED4E2033655000E6139B /* Debug */,
				DB75ED4F2033655000E6139B /* Release */,
			);
			defaultConfigurationIsVisible = 0;
			defaultConfigurationName = Release;
		};
		DB75ED502033655000E6139B /* Build configuration list for PBXNativeTarget "MyApp" */ = {
			isa = XCConfigurationList;
			buildConfigurations = (
				DB75ED512033655000E6139B /* Debug */,
				DB75ED522033655000E6139B /* Release */,
			);
			defaultConfigurationIsVisible = 0;
			defaultConfigurationName = Release;
		};
/* End XCConfigurationList section */
	};
	rootObject = DB75ED412033655000E6139B /* Project object */;
}
